// !$*UTF8*$!
{
	archiveVersion = 1;
	classes = {
	};
	objectVersion = 46;
	objects = {

/* Begin PBXBuildFile section */
		72D6A2551C64760A0066ABB5 /* AppDelegate.swift in Sources */ = {isa = PBXBuildFile; fileRef = 72D6A2541C64760A0066ABB5 /* AppDelegate.swift */; };
		72D6A2571C64760A0066ABB5 /* ViewController.swift in Sources */ = {isa = PBXBuildFile; fileRef = 72D6A2561C64760A0066ABB5 /* ViewController.swift */; };
		72D6A25A1C64760A0066ABB5 /* Main.storyboard in Resources */ = {isa = PBXBuildFile; fileRef = 72D6A2581C64760A0066ABB5 /* Main.storyboard */; };
		72D6A25C1C64760A0066ABB5 /* Assets.xcassets in Resources */ = {isa = PBXBuildFile; fileRef = 72D6A25B1C64760A0066ABB5 /* Assets.xcassets */; };
		72D6A25F1C64760A0066ABB5 /* LaunchScreen.storyboard in Resources */ = {isa = PBXBuildFile; fileRef = 72D6A25D1C64760A0066ABB5 /* LaunchScreen.storyboard */; };
/* End PBXBuildFile section */

/* Begin PBXFileReference section */
		72D6A2511C64760A0066ABB5 /* Swipe to dismiss keyboard.app */ = {isa = PBXFileReference; explicitFileType = wrapper.application; includeInIndex = 0; path = "Swipe to dismiss keyboard.app"; sourceTree = BUILT_PRODUCTS_DIR; };
		72D6A2541C64760A0066ABB5 /* AppDelegate.swift */ = {isa = PBXFileReference; lastKnownFileType = sourcecode.swift; path = AppDelegate.swift; sourceTree = "<group>"; };
		72D6A2561C64760A0066ABB5 /* ViewController.swift */ = {isa = PBXFileReference; lastKnownFileType = sourcecode.swift; path = ViewController.swift; sourceTree = "<group>"; };
		72D6A2591C64760A0066ABB5 /* Base */ = {isa = PBXFileReference; lastKnownFileType = file.storyboard; name = Base; path = Base.lproj/Main.storyboard; sourceTree = "<group>"; };
		72D6A25B1C64760A0066ABB5 /* Assets.xcassets */ = {isa = PBXFileReference; lastKnownFileType = folder.assetcatalog; path = Assets.xcassets; sourceTree = "<group>"; };
		72D6A25E1C64760A0066ABB5 /* Base */ = {isa = PBXFileReference; lastKnownFileType = file.storyboard; name = Base; path = Base.lproj/LaunchScreen.storyboard; sourceTree = "<group>"; };
		72D6A2601C64760A0066ABB5 /* Info.plist */ = {isa = PBXFileReference; lastKnownFileType = text.plist.xml; path = Info.plist; sourceTree = "<group>"; };
/* End PBXFileReference section */

/* Begin PBXFrameworksBuildPhase section */
		72D6A24E1C64760A0066ABB5 /* Frameworks */ = {
			isa = PBXFrameworksBuildPhase;
			buildActionMask = 2147483647;
			files = (
			);
			runOnlyForDeploymentPostprocessing = 0;
		};
/* End PBXFrameworksBuildPhase section */

/* Begin PBXGroup section */
		72D6A2481C64760A0066ABB5 = {
			isa = PBXGroup;
			children = (
				72D6A2531C64760A0066ABB5 /* Swipe to dismiss keyboard */,
				72D6A2521C64760A0066ABB5 /* Products */,
			);
			sourceTree = "<group>";
		};
		72D6A2521C64760A0066ABB5 /* Products */ = {
			isa = PBXGroup;
			children = (
				72D6A2511C64760A0066ABB5 /* Swipe to dismiss keyboard.app */,
			);
			name = Products;
			sourceTree = "<group>";
		};
		72D6A2531C64760A0066ABB5 /* Swipe to dismiss keyboard */ = {
			isa = PBXGroup;
			children = (
				72D6A2541C64760A0066ABB5 /* AppDelegate.swift */,
				72D6A2561C64760A0066ABB5 /* ViewController.swift */,
				72D6A2581C64760A0066ABB5 /* Main.storyboard */,
				72D6A25B1C64760A0066ABB5 /* Assets.xcassets */,
				72D6A25D1C64760A0066ABB5 /* LaunchScreen.storyboard */,
				72D6A2601C64760A0066ABB5 /* Info.plist */,
			);
			path = "Swipe to dismiss keyboard";
			sourceTree = "<group>";
		};
/* End PBXGroup section */

/* Begin PBXNativeTarget section */
		72D6A2501C64760A0066ABB5 /* Swipe to dismiss keyboard */ = {
			isa = PBXNativeTarget;
			buildConfigurationList = 72D6A2631C64760A0066ABB5 /* Build configuration list for PBXNativeTarget "Swipe to dismiss keyboard" */;
			buildPhases = (
				72D6A24D1C64760A0066ABB5 /* Sources */,
				72D6A24E1C64760A0066ABB5 /* Frameworks */,
				72D6A24F1C64760A0066ABB5 /* Resources */,
			);
			buildRules = (
			);
			dependencies = (
			);
			name = "Swipe to dismiss keyboard";
			productName = "Swipe to dismiss keyboard";
			productReference = 72D6A2511C64760A0066ABB5 /* Swipe to dismiss keyboard.app */;
			productType = "com.apple.product-type.application";
		};
/* End PBXNativeTarget section */

/* Begin PBXProject section */
		72D6A2491C64760A0066ABB5 /* Project object */ = {
			isa = PBXProject;
			attributes = {
				LastSwiftUpdateCheck = 0720;
				LastUpgradeCheck = 0720;
				ORGANIZATIONNAME = edprats;
				TargetAttributes = {
					72D6A2501C64760A0066ABB5 = {
						CreatedOnToolsVersion = 7.2.1;
						DevelopmentTeam = 29CTU6GMQG;
					};
				};
			};
			buildConfigurationList = 72D6A24C1C64760A0066ABB5 /* Build configuration list for PBXProject "Swipe to dismiss keyboard" */;
			compatibilityVersion = "Xcode 3.2";
			developmentRegion = English;
			hasScannedForEncodings = 0;
			knownRegions = (
				en,
				Base,
			);
			mainGroup = 72D6A2481C64760A0066ABB5;
			productRefGroup = 72D6A2521C64760A0066ABB5 /* Products */;
			projectDirPath = "";
			projectRoot = "";
			targets = (
				72D6A2501C64760A0066ABB5 /* Swipe to dismiss keyboard */,
			);
		};
/* End PBXProject section */

/* Begin PBXResourcesBuildPhase section */
		72D6A24F1C64760A0066ABB5 /* Resources */ = {
			isa = PBXResourcesBuildPhase;
			buildActionMask = 2147483647;
			files = (
				72D6A25F1C64760A0066ABB5 /* LaunchScreen.storyboard in Resources */,
				72D6A25C1C64760A0066ABB5 /* Assets.xcassets in Resources */,
				72D6A25A1C64760A0066ABB5 /* Main.storyboard in Resources */,
			);
			runOnlyForDeploymentPostprocessing = 0;
		};
/* End PBXResourcesBuildPhase section */

/* Begin PBXSourcesBuildPhase section */
		72D6A24D1C64760A0066ABB5 /* Sources */ = {
			isa = PBXSourcesBuildPhase;
			buildActionMask = 2147483647;
			files = (
				72D6A2571C64760A0066ABB5 /* ViewController.swift in Sources */,
				72D6A2551C64760A0066ABB5 /* AppDelegate.swift in Sources */,
			);
			runOnlyForDeploymentPostprocessing = 0;
		};
/* End PBXSourcesBuildPhase section */

/* Begin PBXVariantGroup section */
		72D6A2581C64760A0066ABB5 /* Main.storyboard */ = {
			isa = PBXVariantGroup;
			children = (
				72D6A2591C64760A0066ABB5 /* Base */,
			);
			name = Main.storyboard;
			sourceTree = "<group>";
		};
		72D6A25D1C64760A0066ABB5 /* LaunchScreen.storyboard */ = {
			isa = PBXVariantGroup;
			children = (
				72D6A25E1C64760A0066ABB5 /* Base */,
			);
			name = LaunchScreen.storyboard;
			sourceTree = "<group>";
		};
/* End PBXVariantGroup section */

/* Begin XCBuildConfiguration section */
		72D6A2611C64760A0066ABB5 /* Debug */ = {
			isa = XCBuildConfiguration;
			buildSettings = {
				ALWAYS_SEARCH_USER_PATHS = NO;
				CLANG_CXX_LANGUAGE_STANDARD = "gnu++0x";
				CLANG_CXX_LIBRARY = "libc++";
				CLANG_ENABLE_MODULES = YES;
				CLANG_ENABLE_OBJC_ARC = YES;
				CLANG_WARN_BOOL_CONVERSION = YES;
				CLANG_WARN_CONSTANT_CONVERSION = YES;
				CLANG_WARN_DIRECT_OBJC_ISA_USAGE = YES_ERROR;
				CLANG_WARN_EMPTY_BODY = YES;
				CLANG_WARN_ENUM_CONVERSION = YES;
				CLANG_WARN_INT_CONVERSION = YES;
				CLANG_WARN_OBJC_ROOT_CLASS = YES_ERROR;
				CLANG_WARN_UNREACHABLE_CODE = YES;
				CLANG_WARN__DUPLICATE_METHOD_MATCH = YES;
				"CODE_SIGN_IDENTITY[sdk=iphoneos*]" = "iPhone Developer";
				COPY_PHASE_STRIP = NO;
				DEBUG_INFORMATION_FORMAT = dwarf;
				ENABLE_STRICT_OBJC_MSGSEND = YES;
				ENABLE_TESTABILITY = YES;
				GCC_C_LANGUAGE_STANDARD = gnu99;
				GCC_DYNAMIC_NO_PIC = NO;
				GCC_NO_COMMON_BLOCKS = YES;
				GCC_OPTIMIZATION_LEVEL = 0;
				GCC_PREPROCESSOR_DEFINITIONS = (
					"DEBUG=1",
					"$(inherited)",
				);
				GCC_WARN_64_TO_32_BIT_CONVERSION = YES;
				GCC_WARN_ABOUT_RETURN_TYPE = YES_ERROR;
				GCC_WARN_UNDECLARED_SELECTOR = YES;
				GCC_WARN_UNINITIALIZED_AUTOS = YES_AGGRESSIVE;
				GCC_WARN_UNUSED_FUNCTION = YES;
				GCC_WARN_UNUSED_VARIABLE = YES;
				IPHONEOS_DEPLOYMENT_TARGET = 9.2;
				MTL_ENABLE_DEBUG_INFO = YES;
				ONLY_ACTIVE_ARCH = YES;
				SDKROOT = iphoneos;
				SWIFT_OPTIMIZATION_LEVEL = "-Onone";
			};
			name = Debug;
		};
		72D6A2621C64760A0066ABB5 /* Release */ = {
			isa = XCBuildConfiguration;
			buildSettings = {
				ALWAYS_SEARCH_USER_PATHS = NO;
				CLANG_CXX_LANGUAGE_STANDARD = "gnu++0x";
				CLANG_CXX_LIBRARY = "libc++";
				CLANG_ENABLE_MODULES = YES;
				CLANG_ENABLE_OBJC_ARC = YES;
				CLANG_WARN_BOOL_CONVERSION = YES;
				CLANG_WARN_CONSTANT_CONVERSION = YES;
				CLANG_WARN_DIRECT_OBJC_ISA_USAGE = YES_ERROR;
				CLANG_WARN_EMPTY_BODY = YES;
				CLANG_WARN_ENUM_CONVERSION = YES;
				CLANG_WARN_INT_CONVERSION = YES;
				CLANG_WARN_OBJC_ROOT_CLASS = YES_ERROR;
				CLANG_WARN_UNREACHABLE_CODE = YES;
				CLANG_WARN__DUPLICATE_METHOD_MATCH = YES;
				"CODE_SIGN_IDENTITY[sdk=iphoneos*]" = "iPhone Developer";
				COPY_PHASE_STRIP = NO;
				DEBUG_INFORMATION_FORMAT = "dwarf-with-dsym";
				ENABLE_NS_ASSERTIONS = NO;
				ENABLE_STRICT_OBJC_MSGSEND = YES;
				GCC_C_LANGUAGE_STANDARD = gnu99;
				GCC_NO_COMMON_BLOCKS = YES;
				GCC_WARN_64_TO_32_BIT_CONVERSION = YES;
				GCC_WARN_ABOUT_RETURN_TYPE = YES_ERROR;
				GCC_WARN_UNDECLARED_SELECTOR = YES;
				GCC_WARN_UNINITIALIZED_AUTOS = YES_AGGRESSIVE;
				GCC_WARN_UNUSED_FUNCTION = YES;
				GCC_WARN_UNUSED_VARIABLE = YES;
				IPHONEOS_DEPLOYMENT_TARGET = 9.2;
				MTL_ENABLE_DEBUG_INFO = NO;
				SDKROOT = iphoneos;
				VALIDATE_PRODUCT = YES;
			};
			name = Release;
		};
		72D6A2641C64760A0066ABB5 /* Debug */ = {
			isa = XCBuildConfiguration;
			buildSettings = {
				ASSETCATALOG_COMPILER_APPICON_NAME = AppIcon;
				INFOPLIST_FILE = "Swipe to dismiss keyboard/Info.plist";
				LD_RUNPATH_SEARCH_PATHS = "$(inherited) @executable_path/Frameworks";
				PRODUCT_BUNDLE_IDENTIFIER = "ed.prats.Swipe-to-dismiss-keyboard";
				PRODUCT_NAME = "$(TARGET_NAME)";
			};
			name = Debug;
		};
		72D6A2651C64760A0066ABB5 /* Release */ = {
			isa = XCBuildConfiguration;
			buildSettings = {
				ASSETCATALOG_COMPILER_APPICON_NAME = AppIcon;
				INFOPLIST_FILE = "Swipe to dismiss keyboard/Info.plist";
				LD_RUNPATH_SEARCH_PATHS = "$(inherited) @executable_path/Frameworks";
				PRODUCT_BUNDLE_IDENTIFIER = "ed.prats.Swipe-to-dismiss-keyboard";
				PRODUCT_NAME = "$(TARGET_NAME)";
			};
			name = Release;
		};
/* End XCBuildConfiguration section */

/* Begin XCConfigurationList section */
		72D6A24C1C64760A0066ABB5 /* Build configuration list for PBXProject "Swipe to dismiss keyboard" */ = {
			isa = XCConfigurationList;
			buildConfigurations = (
				72D6A2611C64760A0066ABB5 /* Debug */,
				72D6A2621C64760A0066ABB5 /* Release */,
			);
			defaultConfigurationIsVisible = 0;
			defaultConfigurationName = Release;
		};
		72D6A2631C64760A0066ABB5 /* Build configuration list for PBXNativeTarget "Swipe to dismiss keyboard" */ = {
			isa = XCConfigurationList;
			buildConfigurations = (
				72D6A2641C64760A0066ABB5 /* Debug */,
				72D6A2651C64760A0066ABB5 /* Release */,
			);
			defaultConfigurationIsVisible = 0;
		};
/* End XCConfigurationList section */
	};
	rootObject = 72D6A2491C64760A0066ABB5 /* Project object */;
}
